
Microsoft Visual Studio Solution File, Format Version 12.00
# Visual Studio Version 17
VisualStudioVersion = 17.8.34330.188
MinimumVisualStudioVersion = 10.0.40219.1
Project("{FAE04EC0-301F-11D3-BF4B-00C04F79EFBC}") = "Calculator", "Calculator.csproj", "{974ED9E7-5A2D-4E02-A3B3-5E8C4341766B}"
EndProject
Global
	GlobalSection(SolutionConfigurationPlatforms) = preSolution
		Debug|Any CPU = Debug|Any CPU
		Release|Any CPU = Release|Any CPU
	EndGlobalSection
	GlobalSection(ProjectConfigurationPlatforms) = postSolution
		{974ED9E7-5A2D-4E02-A3B3-5E8C4341766B}.Debug|Any CPU.ActiveCfg = Debug|Any CPU
		{974ED9E7-5A2D-4E02-A3B3-5E8C4341766B}.Debug|Any CPU.Build.0 = Debug|Any CPU
		{974ED9E7-5A2D-4E02-A3B3-5E8C4341766B}.Release|Any CPU.ActiveCfg = Release|Any CPU
		{974ED9E7-5A2D-4E02-A3B3-5E8C4341766B}.Release|Any CPU.Build.0 = Release|Any CPU
	EndGlobalSection
	GlobalSection(SolutionProperties) = preSolution
		HideSolutionNode = FALSE
	EndGlobalSection
	GlobalSection(ExtensibilityGlobals) = postSolution
		SolutionGuid = {4F7BA814-144D-4659-B2EA-CB2BAC411DE6}
	EndGlobalSection
EndGlobal
