
Microsoft Visual Studio Solution File, Format Version 12.00
# Visual Studio Version 17
VisualStudioVersion = 17.8.34330.188
MinimumVisualStudioVersion = 10.0.40219.1
Project("{FAE04EC0-301F-11D3-BF4B-00C04F79EFBC}") = "ProgramArray", "ProgramArray.csproj", "{831234A3-5378-45EA-8E51-FD6FCE6ECDB8}"
EndProject
Global
	GlobalSection(SolutionConfigurationPlatforms) = preSolution
		Debug|Any CPU = Debug|Any CPU
		Release|Any CPU = Release|Any CPU
	EndGlobalSection
	GlobalSection(ProjectConfigurationPlatforms) = postSolution
		{831234A3-5378-45EA-8E51-FD6FCE6ECDB8}.Debug|Any CPU.ActiveCfg = Debug|Any CPU
		{831234A3-5378-45EA-8E51-FD6FCE6ECDB8}.Debug|Any CPU.Build.0 = Debug|Any CPU
		{831234A3-5378-45EA-8E51-FD6FCE6ECDB8}.Release|Any CPU.ActiveCfg = Release|Any CPU
		{831234A3-5378-45EA-8E51-FD6FCE6ECDB8}.Release|Any CPU.Build.0 = Release|Any CPU
	EndGlobalSection
	GlobalSection(SolutionProperties) = preSolution
		HideSolutionNode = FALSE
	EndGlobalSection
	GlobalSection(ExtensibilityGlobals) = postSolution
		SolutionGuid = {B5F540A6-6716-4EE3-9EEF-AA2B0382F427}
	EndGlobalSection
EndGlobal
